# This file is automatically @generated by Wally.
# It is not intended for manual editing.
registry = "test"

[[package]]
name = "alicesaidhi/jabby"
version = "0.2.2"
dependencies = [["jecs", "ukendio/jecs@0.5.5"], ["pebble", "alicesaidhi/pebble@0.1.2"], ["vide", "centau/vide@0.3.1"]]

[[package]]
name = "alicesaidhi/pebble"
version = "0.1.2"
dependencies = [["vide", "centau/vide@0.3.1"]]

[[package]]
name = "centau/vide"
version = "0.3.1"
dependencies = []

[[package]]
name = "marcus/demo"
version = "0.1.0"
dependencies = [["jabby", "alicesaidhi/jabby@0.2.2"], ["jecs", "ukendio/jecs@0.9.0"]]

[[package]]
name = "ukendio/jecs"
version = "0.5.5"
dependencies = []

[[package]]
name = "ukendio/jecs"
version = "0.9.0"
dependencies = []
